
Microsoft Visual Studio Solution File, Format Version 12.00
# Visual Studio Version 17
VisualStudioVersion = 17.14.37314.3 d17.14
MinimumVisualStudioVersion = 10.0.40219.1
Project("{FAE04EC0-301F-11D3-BF4B-00C04F79EFBC}") = "backend", "backend\backend.csproj", "{EDAC2DFF-9715-4499-AE9B-54B6DF54AF39}"
EndProject
Global
	GlobalSection(SolutionConfigurationPlatforms) = preSolution
		Debug|Any CPU = Debug|Any CPU
		Release|Any CPU = Release|Any CPU
	EndGlobalSection
	GlobalSection(ProjectConfigurationPlatforms) = postSolution
		{EDAC2DFF-9715-4499-AE9B-54B6DF54AF39}.Debug|Any CPU.ActiveCfg = Debug|Any CPU
		{EDAC2DFF-9715-4499-AE9B-54B6DF54AF39}.Debug|Any CPU.Build.0 = Debug|Any CPU
		{EDAC2DFF-9715-4499-AE9B-54B6DF54AF39}.Release|Any CPU.ActiveCfg = Release|Any CPU
		{EDAC2DFF-9715-4499-AE9B-54B6DF54AF39}.Release|Any CPU.Build.0 = Release|Any CPU
	EndGlobalSection
	GlobalSection(SolutionProperties) = preSolution
		HideSolutionNode = FALSE
	EndGlobalSection
	GlobalSection(ExtensibilityGlobals) = postSolution
		SolutionGuid = {F64DDEF4-45A0-429F-8F8B-8F7508A12DDA}
	EndGlobalSection
EndGlobal
